
Microsoft Visual Studio Solution File, Format Version 12.00
# Visual Studio Version 16
VisualStudioVersion = 16.0.30709.132
MinimumVisualStudioVersion = 10.0.40219.1
Project("{2150E333-8FDC-42A3-9474-1A3956D46DE8}") = "src", "src", "{6CC939B3-09B2-4632-BED5-5E21A559B6FD}"
EndProject
Project("{9A19103F-16F7-4668-BE54-9A1E7A4F7556}") = "Traccaradora.Web", "src\Traccaradora.Web\Traccaradora.Web.csproj", "{0138FC44-1C6D-44F0-BA04-451B84D49898}"
EndProject
Project("{2150E333-8FDC-42A3-9474-1A3956D46DE8}") = "Solution Items", "Solution Items", "{E92EC758-29FF-4AEA-A5A4-989EB7895869}"
	ProjectSection(SolutionItems) = preProject
		CHANGELOG.md = CHANGELOG.md
		GitVersion.yml = GitVersion.yml
		LICENSE = LICENSE
		README.md = README.md
	EndProjectSection
EndProject
Project("{9A19103F-16F7-4668-BE54-9A1E7A4F7556}") = "_build", "build\_build.csproj", "{3EB9264F-B9FD-4C1A-8AC0-D2A7D8197A55}"
EndProject
Global
	GlobalSection(SolutionConfigurationPlatforms) = preSolution
		Debug|Any CPU = Debug|Any CPU
		Release|Any CPU = Release|Any CPU
	EndGlobalSection
	GlobalSection(ProjectConfigurationPlatforms) = postSolution
		{0138FC44-1C6D-44F0-BA04-451B84D49898}.Debug|Any CPU.ActiveCfg = Debug|Any CPU
		{0138FC44-1C6D-44F0-BA04-451B84D49898}.Debug|Any CPU.Build.0 = Debug|Any CPU
		{0138FC44-1C6D-44F0-BA04-451B84D49898}.Release|Any CPU.ActiveCfg = Release|Any CPU
		{0138FC44-1C6D-44F0-BA04-451B84D49898}.Release|Any CPU.Build.0 = Release|Any CPU
		{3EB9264F-B9FD-4C1A-8AC0-D2A7D8197A55}.Debug|Any CPU.ActiveCfg = Debug|Any CPU
		{3EB9264F-B9FD-4C1A-8AC0-D2A7D8197A55}.Release|Any CPU.ActiveCfg = Release|Any CPU
	EndGlobalSection
	GlobalSection(SolutionProperties) = preSolution
		HideSolutionNode = FALSE
	EndGlobalSection
	GlobalSection(NestedProjects) = preSolution
		{0138FC44-1C6D-44F0-BA04-451B84D49898} = {6CC939B3-09B2-4632-BED5-5E21A559B6FD}
	EndGlobalSection
	GlobalSection(ExtensibilityGlobals) = postSolution
		SolutionGuid = {CB5C5842-3160-4671-8358-5D8D6C8AD6CD}
	EndGlobalSection
EndGlobal
